
Microsoft Visual Studio Solution File, Format Version 12.00
# Visual Studio Version 16
VisualStudioVersion = 16.0.29911.84
MinimumVisualStudioVersion = 10.0.40219.1
Project("{FAE04EC0-301F-11D3-BF4B-00C04F79EFBC}") = "GhostSS", "GhostSS Clean\GhostSS.csproj", "{221265BD-B7FC-482E-BD4F-D275B5B34F8A}"
EndProject
Global
	GlobalSection(SolutionConfigurationPlatforms) = preSolution
		Debug|Any CPU = Debug|Any CPU
		Release|Any CPU = Release|Any CPU
	EndGlobalSection
	GlobalSection(ProjectConfigurationPlatforms) = postSolution
		{221265BD-B7FC-482E-BD4F-D275B5B34F8A}.Debug|Any CPU.ActiveCfg = Debug|Any CPU
		{221265BD-B7FC-482E-BD4F-D275B5B34F8A}.Debug|Any CPU.Build.0 = Debug|Any CPU
		{221265BD-B7FC-482E-BD4F-D275B5B34F8A}.Release|Any CPU.ActiveCfg = Release|Any CPU
		{221265BD-B7FC-482E-BD4F-D275B5B34F8A}.Release|Any CPU.Build.0 = Release|Any CPU
	EndGlobalSection
	GlobalSection(SolutionProperties) = preSolution
		HideSolutionNode = FALSE
	EndGlobalSection
	GlobalSection(ExtensibilityGlobals) = postSolution
		SolutionGuid = {D2D24A2B-9779-485C-9DDE-10088CDFB3E6}
	EndGlobalSection
EndGlobal
